{
  "name": "recettes-tiktok",
  "version": "1.0.0",
  "lockfileVersion": 3,
  "requires": true,
  "packages": {
    "": {
      "name": "recettes-tiktok",
      "dependencies": {
        "@anthropic-ai/sdk": "^0.131.0",
        "@netlify/blobs": "^11.1.3",
        "@netlify/functions": "^6.0.2",
        "ffmpeg-static": "^5.3.0",
        "zod": "^4.6.5"
      },
      "devDependencies": {
        "@types/node": "^22.0.0",
        "typescript": "^5.6.0"
      }
    },
    "node_modules/@anthropic-ai/sdk": {
      "version": "0.131.0",
      "resolved": "https://registry.npmjs.org/@anthropic-ai/sdk/-/sdk-0.131.0.tgz",
      "integrity": "sha512-9+PepoU7qVMmM70jSahdnfcMHAvAnzhMOLv2W9WjRLO+OG/MAiBETkwKZqv7KIJ1Cj5h8eZ019bHzZaq+Mbepw==",
      "license": "MIT",
      "dependencies": {
        "json-schema-to-ts": "^3.1.1",
        "standardwebhooks": "^1.0.0"
      },
      "bin": {
        "anthropic-ai-sdk": "bin/cli"
      },
      "peerDependencies": {
        "zod": "^3.25.0 || ^4.0.0"
      },
      "peerDependenciesMeta": {
        "zod": {
          "optional": true
        }
      }
    },
    "node_modules/@babel/runtime": {
      "version": "7.29.7",
      "resolved": "https://registry.npmjs.org/@babel/runtime/-/runtime-7.29.7.tgz",
      "integrity": "sha512-Nq8OhGWiZIZGV6hLHoyAKLLcJihP/xFeBMGJoUrxTX2psI8dCifzLhZISFb+VWS3wFMRDmCGw5R+dOySCqPLhw==",
      "license": "MIT",
      "engines": {
        "node": ">=6.9.0"
      }
    },
    "node_modules/@derhuerst/http-basic": {
      "version": "8.2.4",
      "resolved": "https://registry.npmjs.org/@derhuerst/http-basic/-/http-basic-8.2.4.tgz",
      "integrity": "sha512-F9rL9k9Xjf5blCz8HsJRO4diy111cayL2vkY2XE4r4t3n0yPXVYy3KD3nJ1qbrSn9743UWSXH4IwuCa/HWlGFw==",
      "license": "MIT",
      "dependencies": {
        "caseless": "^0.12.0",
        "concat-stream": "^2.0.0",
        "http-response-object": "^3.0.1",
        "parse-cache-control": "^1.0.1"
      },
      "engines": {
        "node": ">=6.0.0"
      }
    },
    "node_modules/@envelop/instrumentation": {
      "version": "1.0.1",
      "resolved": "https://registry.npmjs.org/@envelop/instrumentation/-/instrumentation-1.0.1.tgz",
      "integrity": "sha512-FuexE2qd3Yc1Kh1DjTliwGxb9kyyv4ySBNnfJOxnQasVmGdcqX6AkkO5sIMxLWFRftp8PErOcIn2dQW/1RwytQ==",
      "license": "MIT",
      "dependencies": {
        "@whatwg-node/promise-helpers": "^1.2.1",
        "tslib": "^2.5.0"
      },
      "engines": {
        "node": ">=18.0.0"
      }
    },
    "node_modules/@fastify/busboy": {
      "version": "3.2.2",
      "resolved": "https://registry.npmjs.org/@fastify/busboy/-/busboy-3.2.2.tgz",
      "integrity": "sha512-yXSS27qPExaXeuLvMRMXOLtpipzfQYNjG3FkunDWKGfMYjKuhFXko9CVzqxm8jcF+lmtS9Fd89QNdh9XDjnbNg==",
      "license": "MIT"
    },
    "node_modules/@netlify/blobs": {
      "version": "11.1.3",
      "resolved": "https://registry.npmjs.org/@netlify/blobs/-/blobs-11.1.3.tgz",
      "integrity": "sha512-epr7eGb13LugY+0WUDl91dYmypOfbrJ6MYf07M3Zoey5WBYRD2rqDrOhDskfAlEaJ2MoWGaPWrVxltIxfI5LoQ==",
      "license": "MIT",
      "dependencies": {
        "@netlify/dev-utils": "6.0.3",
        "@netlify/otel": "^7.0.4",
        "@netlify/runtime-utils": "3.0.0"
      },
      "engines": {
        "node": ">=22.12.0"
      }
    },
    "node_modules/@netlify/dev-utils": {
      "version": "6.0.3",
      "resolved": "https://registry.npmjs.org/@netlify/dev-utils/-/dev-utils-6.0.3.tgz",
      "integrity": "sha512-p+M9a8mI0H0rRohY7Z4TkblvJMwsl5nfNKzmmhz1XBgSLBoDcgwf1TroHvM0TyK5sRiD8LViXe1wuJbzYlilUQ==",
      "license": "MIT",
      "dependencies": {
        "@whatwg-node/server": "^0.11.0",
        "ansis": "^4.1.0",
        "atomically": "^2.0.3",
        "chokidar": "^5.0.0",
        "decache": "^4.6.2",
        "dettle": "^1.0.5",
        "dot-prop": "9.0.0",
        "empathic": "^2.0.0",
        "env-paths": "^3.0.0",
        "parse-gitignore": "^2.0.0",
        "semver": "^7.7.2"
      },
      "engines": {
        "node": ">=22.12.0"
      }
    },
    "node_modules/@netlify/functions": {
      "version": "6.0.2",
      "resolved": "https://registry.npmjs.org/@netlify/functions/-/functions-6.0.2.tgz",
      "integrity": "sha512-JqbPgAOt2GAwzCEitdEWAHOn6AkZ0Rna401wdAyuDIBiDv9M03b3Cu5mGH7/eHOmIXfZIcN1pG35flHjfu6asQ==",
      "license": "MIT",
      "dependencies": {
        "@netlify/types": "3.2.0"
      },
      "engines": {
        "node": ">=22.12.0"
      }
    },
    "node_modules/@netlify/otel": {
      "version": "7.0.4",
      "resolved": "https://registry.npmjs.org/@netlify/otel/-/otel-7.0.4.tgz",
      "integrity": "sha512-HrGxXgauSZEzSd2mKu5YlqCvHpaNjQzf/yvwBdVXstZLRWWvbWIZBanrbXG0poyq70PBuiL+zVp3lU48aWnRNg==",
      "license": "MIT",
      "dependencies": {
        "@opentelemetry/api": "1.9.1",
        "@opentelemetry/core": "2.10.0",
        "@opentelemetry/instrumentation": "^0.221.0",
        "@opentelemetry/resources": "2.10.0",
        "@opentelemetry/sdk-trace-node": "2.10.0"
      },
      "engines": {
        "node": ">=22.12.0"
      }
    },
    "node_modules/@netlify/runtime-utils": {
      "version": "3.0.0",
      "resolved": "https://registry.npmjs.org/@netlify/runtime-utils/-/runtime-utils-3.0.0.tgz",
      "integrity": "sha512-OHo40+V3QZkR+UrDjqhN+LekrAby/dSSJxsvyYs9i88E/mSl3goB/ysoL+VYROm190egxmQyRYlHK7vL4GeHBQ==",
      "license": "MIT",
      "engines": {
        "node": ">=22.12.0"
      }
    },
    "node_modules/@netlify/types": {
      "version": "3.2.0",
      "resolved": "https://registry.npmjs.org/@netlify/types/-/types-3.2.0.tgz",
      "integrity": "sha512-PVvY1EEN9i2Er0LQoiyNG7i/BnwnttLuZqIkBnhL2Jrcj3P5N/NcGkv1i20MJ2ngNGSPQcT7tagDmF3V6BsdWg==",
      "license": "MIT",
      "engines": {
        "node": ">=22.12.0"
      }
    },
    "node_modules/@opentelemetry/api": {
      "version": "1.9.1",
      "resolved": "https://registry.npmjs.org/@opentelemetry/api/-/api-1.9.1.tgz",
      "integrity": "sha512-gLyJlPHPZYdAk1JENA9LeHejZe1Ti77/pTeFm/nMXmQH/HFZlcS/O2XJB+L8fkbrNSqhdtlvjBVjxwUYanNH5Q==",
      "license": "Apache-2.0",
      "engines": {
        "node": ">=8.0.0"
      }
    },
    "node_modules/@opentelemetry/api-logs": {
      "version": "0.221.0",
      "resolved": "https://registry.npmjs.org/@opentelemetry/api-logs/-/api-logs-0.221.0.tgz",
      "integrity": "sha512-OlanaW1vv7ufTqQ3/fPLI4arGt5ZoM+P8abOMki6uEYnpRazepSWDwDnnw+la7kE26SHVC18//SMccrDvLKOXQ==",
      "license": "Apache-2.0",
      "dependencies": {
        "@opentelemetry/api": "^1.3.0"
      },
      "engines": {
        "node": ">=8.0.0"
      }
    },
    "node_modules/@opentelemetry/context-async-hooks": {
      "version": "2.10.0",
      "resolved": "https://registry.npmjs.org/@opentelemetry/context-async-hooks/-/context-async-hooks-2.10.0.tgz",
      "integrity": "sha512-bvyMcgLEkozzSzpEEEo1OMoeQ97bxj6Qs2uN3mPrSdDvObMI1myffD/BPqcLlzZO9//d1SqQA/WPw7Cz2AiqhA==",
      "license": "Apache-2.0",
      "engines": {
        "node": "^18.19.0 || >=20.6.0"
      },
      "peerDependencies": {
        "@opentelemetry/api": ">=1.0.0 <1.10.0"
      }
    },
    "node_modules/@opentelemetry/core": {
      "version": "2.10.0",
      "resolved": "https://registry.npmjs.org/@opentelemetry/core/-/core-2.10.0.tgz",
      "integrity": "sha512-/wNZ8twnEQQA4HoHu22+vcsdru6pWPWxW+7w+FlxT6Id7PE/WIbZmVKkte+PF72e0F2dnImFeHD2syyE1Mw6MQ==",
      "license": "Apache-2.0",
      "dependencies": {
        "@opentelemetry/semantic-conventions": "^1.29.0"
      },
      "engines": {
        "node": "^18.19.0 || >=20.6.0"
      },
      "peerDependencies": {
        "@opentelemetry/api": ">=1.0.0 <1.10.0"
      }
    },
    "node_modules/@opentelemetry/instrumentation": {
      "version": "0.221.0",
      "resolved": "https://registry.npmjs.org/@opentelemetry/instrumentation/-/instrumentation-0.221.0.tgz",
      "integrity": "sha512-cCk80Z/iRDf/5gfsKMB4f74LqVA5yKETB/9ojPzVW/6/f70iu89nJvGxsFCxx4XfSohaOofkU19kiYm84AiAlw==",
      "license": "Apache-2.0",
      "dependencies": {
        "@opentelemetry/api-logs": "0.221.0",
        "import-in-the-middle": "^3.0.0",
        "require-in-the-middle": "^8.0.0"
      },
      "engines": {
        "node": "^18.19.0 || >=20.6.0"
      },
      "peerDependencies": {
        "@opentelemetry/api": "^1.3.0"
      }
    },
    "node_modules/@opentelemetry/resources": {
      "version": "2.10.0",
      "resolved": "https://registry.npmjs.org/@opentelemetry/resources/-/resources-2.10.0.tgz",
      "integrity": "sha512-q6MMm2zhggzsHVNbabYwut+a6nbuQQe3URUoxaojM/8K1IBfwwPzvxIjNi2/lI1TFe+fMHMW9MWhrtDLEXEnkA==",
      "license": "Apache-2.0",
      "dependencies": {
        "@opentelemetry/core": "2.10.0",
        "@opentelemetry/semantic-conventions": "^1.29.0"
      },
      "engines": {
        "node": "^18.19.0 || >=20.6.0"
      },
      "peerDependencies": {
        "@opentelemetry/api": ">=1.3.0 <1.10.0"
      }
    },
    "node_modules/@opentelemetry/sdk-trace": {
      "version": "2.10.0",
      "resolved": "https://registry.npmjs.org/@opentelemetry/sdk-trace/-/sdk-trace-2.10.0.tgz",
      "integrity": "sha512-MfQGq3GRmTh5fM/y+OjaO0vj6+luCB1XO2gfXCalKCfgKw0eHL++sm75DNweC6ohlp+aFvACqeE0fYayqdRaoQ==",
      "license": "Apache-2.0",
      "dependencies": {
        "@opentelemetry/core": "2.10.0",
        "@opentelemetry/resources": "2.10.0",
        "@opentelemetry/semantic-conventions": "^1.29.0"
      },
      "engines": {
        "node": "^18.19.0 || >=20.6.0"
      },
      "peerDependencies": {
        "@opentelemetry/api": ">=1.3.0 <1.10.0"
      }
    },
    "node_modules/@opentelemetry/sdk-trace-base": {
      "version": "2.10.0",
      "resolved": "https://registry.npmjs.org/@opentelemetry/sdk-trace-base/-/sdk-trace-base-2.10.0.tgz",
      "integrity": "sha512-GuYQQT7QD2EeO8lcZLRQzcbOyhqAzL+6WWTKTU9mSUBYBazkEDl+VrQcXQhbB08OWM9anD1aHleVadzulpOaUQ==",
      "license": "Apache-2.0",
      "dependencies": {
        "@opentelemetry/core": "2.10.0",
        "@opentelemetry/resources": "2.10.0",
        "@opentelemetry/sdk-trace": "2.10.0",
        "@opentelemetry/semantic-conventions": "^1.29.0"
      },
      "engines": {
        "node": "^18.19.0 || >=20.6.0"
      },
      "peerDependencies": {
        "@opentelemetry/api": ">=1.3.0 <1.10.0"
      }
    },
    "node_modules/@opentelemetry/sdk-trace-node": {
      "version": "2.10.0",
      "resolved": "https://registry.npmjs.org/@opentelemetry/sdk-trace-node/-/sdk-trace-node-2.10.0.tgz",
      "integrity": "sha512-GZK/G6oZyBLGlH1pUgeDch7D91KoHd2uotUGIkWCPi9GI5T9X0p4L7nNAMDR1BQjkRYoDqo+ddfVx9t5Uhys+Q==",
      "license": "Apache-2.0",
      "dependencies": {
        "@opentelemetry/context-async-hooks": "2.10.0",
        "@opentelemetry/core": "2.10.0",
        "@opentelemetry/sdk-trace-base": "2.10.0"
      },
      "engines": {
        "node": "^18.19.0 || >=20.6.0"
      },
      "peerDependencies": {
        "@opentelemetry/api": ">=1.0.0 <1.10.0"
      }
    },
    "node_modules/@opentelemetry/semantic-conventions": {
      "version": "1.43.0",
      "resolved": "https://registry.npmjs.org/@opentelemetry/semantic-conventions/-/semantic-conventions-1.43.0.tgz",
      "integrity": "sha512-eSYWTm620tTk45EKSedaUL8MFYI8hW164hIXsgIHyxu3VobUB3fFCu5t0hQby6OoWRPsG1KkKUG2M5UadiLiVg==",
      "license": "Apache-2.0",
      "engines": {
        "node": ">=14"
      }
    },
    "node_modules/@stablelib/base64": {
      "version": "1.0.1",
      "resolved": "https://registry.npmjs.org/@stablelib/base64/-/base64-1.0.1.tgz",
      "integrity": "sha512-1bnPQqSxSuc3Ii6MhBysoWCg58j97aUjuCSZrGSmDxNqtytIi0k8utUenAwTZN4V5mXXYGsVUI9zeBqy+jBOSQ==",
      "license": "MIT"
    },
    "node_modules/@types/node": {
      "version": "22.20.5",
      "resolved": "https://registry.npmjs.org/@types/node/-/node-22.20.5.tgz",
      "integrity": "sha512-U2+DNr+wSjpsTS/wZGYHq7GcwfuSmKiKvoPvK22zwTlRhU91yOniN4qRR5KhIjvif7ysw/dz/hKmfDH0Ris4aA==",
      "dev": true,
      "license": "MIT",
      "dependencies": {
        "undici-types": "~6.21.0"
      }
    },
    "node_modules/@whatwg-node/disposablestack": {
      "version": "0.0.6",
      "resolved": "https://registry.npmjs.org/@whatwg-node/disposablestack/-/disposablestack-0.0.6.tgz",
      "integrity": "sha512-LOtTn+JgJvX8WfBVJtF08TGrdjuFzGJc4mkP8EdDI8ADbvO7kiexYep1o8dwnt0okb0jYclCDXF13xU7Ge4zSw==",
      "license": "MIT",
      "dependencies": {
        "@whatwg-node/promise-helpers": "^1.0.0",
        "tslib": "^2.6.3"
      },
      "engines": {
        "node": ">=18.0.0"
      }
    },
    "node_modules/@whatwg-node/fetch": {
      "version": "0.10.13",
      "resolved": "https://registry.npmjs.org/@whatwg-node/fetch/-/fetch-0.10.13.tgz",
      "integrity": "sha512-b4PhJ+zYj4357zwk4TTuF2nEe0vVtOrwdsrNo5hL+u1ojXNhh1FgJ6pg1jzDlwlT4oBdzfSwaBwMCtFCsIWg8Q==",
      "license": "MIT",
      "dependencies": {
        "@whatwg-node/node-fetch": "^0.8.3",
        "urlpattern-polyfill": "^10.0.0"
      },
      "engines": {
        "node": ">=18.0.0"
      }
    },
    "node_modules/@whatwg-node/node-fetch": {
      "version": "0.8.6",
      "resolved": "https://registry.npmjs.org/@whatwg-node/node-fetch/-/node-fetch-0.8.6.tgz",
      "integrity": "sha512-BDMdYFcerLQkwA2RTldxOqRCs6ZQD1S7UgP3pUdGUkcbgTrP/V5ko77ZkCww9DHmC4lpoYuwigGfQYj285gMvA==",
      "license": "MIT",
      "dependencies": {
        "@fastify/busboy": "^3.1.1",
        "@whatwg-node/disposablestack": "^0.0.6",
        "@whatwg-node/promise-helpers": "^1.3.2",
        "tslib": "^2.6.3"
      },
      "engines": {
        "node": ">=18.0.0"
      }
    },
    "node_modules/@whatwg-node/promise-helpers": {
      "version": "1.3.2",
      "resolved": "https://registry.npmjs.org/@whatwg-node/promise-helpers/-/promise-helpers-1.3.2.tgz",
      "integrity": "sha512-Nst5JdK47VIl9UcGwtv2Rcgyn5lWtZ0/mhRQ4G8NN2isxpq2TO30iqHzmwoJycjWuyUfg3GFXqP/gFHXeV57IA==",
      "license": "MIT",
      "dependencies": {
        "tslib": "^2.6.3"
      },
      "engines": {
        "node": ">=16.0.0"
      }
    },
    "node_modules/@whatwg-node/server": {
      "version": "0.11.0",
      "resolved": "https://registry.npmjs.org/@whatwg-node/server/-/server-0.11.0.tgz",
      "integrity": "sha512-VSdkwnJRr8Yv9UgB2aXB3VUPWwd6Oqnn0hycFwhg9pZgWxJXb7JmhsiXe9tmpMwjHFxli12PGcz9aI63YYloGQ==",
      "license": "MIT",
      "dependencies": {
        "@envelop/instrumentation": "^1.0.0",
        "@whatwg-node/disposablestack": "^0.0.6",
        "@whatwg-node/fetch": "^0.10.13",
        "@whatwg-node/promise-helpers": "^1.3.2",
        "tslib": "^2.6.3"
      },
      "engines": {
        "node": ">=18.0.0"
      }
    },
    "node_modules/agent-base": {
      "version": "6.0.2",
      "resolved": "https://registry.npmjs.org/agent-base/-/agent-base-6.0.2.tgz",
      "integrity": "sha512-RZNwNclF7+MS/8bDg70amg32dyeZGZxiDuQmZxKLAlQjr3jGyLx+4Kkk58UO7D2QdgFIQCovuSuZESne6RG6XQ==",
      "license": "MIT",
      "dependencies": {
        "debug": "4"
      },
      "engines": {
        "node": ">= 6.0.0"
      }
    },
    "node_modules/ansis": {
      "version": "4.4.0",
      "resolved": "https://registry.npmjs.org/ansis/-/ansis-4.4.0.tgz",
      "integrity": "sha512-9k3v7xcHwgdO/DruxGIg4HtjvlAZlcnsX/mzqUb1t3NkYnl9kK2UJ+Gq0io+vQf7iT//BD/HB/NBkUR1LWxoeA==",
      "license": "ISC",
      "engines": {
        "node": ">=14"
      }
    },
    "node_modules/atomically": {
      "version": "2.1.1",
      "resolved": "https://registry.npmjs.org/atomically/-/atomically-2.1.1.tgz",
      "integrity": "sha512-P4w9o2dqARji6P7MHprklbfiArZAWvo07yW7qs3pdljb3BWr12FIB7W+p0zJiuiVsUpRO0iZn1kFFcpPegg0tQ==",
      "license": "MIT",
      "dependencies": {
        "stubborn-fs": "^2.0.0",
        "when-exit": "^2.1.4"
      }
    },
    "node_modules/buffer-from": {
      "version": "1.1.2",
      "resolved": "https://registry.npmjs.org/buffer-from/-/buffer-from-1.1.2.tgz",
      "integrity": "sha512-E+XQCRwSbaaiChtv6k6Dwgc+bx+Bs6vuKJHHl5kox/BaKbhiXzqQOwK4cO22yElGp2OCmjwVhT3HmxgyPGnJfQ==",
      "license": "MIT"
    },
    "node_modules/callsite": {
      "version": "1.0.0",
      "resolved": "https://registry.npmjs.org/callsite/-/callsite-1.0.0.tgz",
      "integrity": "sha512-0vdNRFXn5q+dtOqjfFtmtlI9N2eVZ7LMyEV2iKC5mEEFvSg/69Ml6b/WU2qF8W1nLRa0wiSrDT3Y5jOHZCwKPQ==",
      "engines": {
        "node": "*"
      }
    },
    "node_modules/caseless": {
      "version": "0.12.0",
      "resolved": "https://registry.npmjs.org/caseless/-/caseless-0.12.0.tgz",
      "integrity": "sha512-4tYFyifaFfGacoiObjJegolkwSU4xQNGbVgUiNYVUxbQ2x2lUsFvY4hVgVzGiIe6WLOPqycWXA40l+PWsxthUw==",
      "license": "Apache-2.0"
    },
    "node_modules/chokidar": {
      "version": "5.0.0",
      "resolved": "https://registry.npmjs.org/chokidar/-/chokidar-5.0.0.tgz",
      "integrity": "sha512-TQMmc3w+5AxjpL8iIiwebF73dRDF4fBIieAqGn9RGCWaEVwQ6Fb2cGe31Yns0RRIzii5goJ1Y7xbMwo1TxMplw==",
      "license": "MIT",
      "dependencies": {
        "readdirp": "^5.0.0"
      },
      "engines": {
        "node": ">= 20.19.0"
      },
      "funding": {
        "url": "https://paulmillr.com/funding/"
      }
    },
    "node_modules/cjs-module-lexer": {
      "version": "2.2.1",
      "resolved": "https://registry.npmjs.org/cjs-module-lexer/-/cjs-module-lexer-2.2.1.tgz",
      "integrity": "sha512-Ca8swihM+/4yKecYHY52kgJd300hi2lADU/a1RxNTRe+RJ9jvqQlESpbz9DnG9mowez8qwXHB8qYdIUw9e+F5Q==",
      "license": "MIT"
    },
    "node_modules/concat-stream": {
      "version": "2.0.0",
      "resolved": "https://registry.npmjs.org/concat-stream/-/concat-stream-2.0.0.tgz",
      "integrity": "sha512-MWufYdFw53ccGjCA+Ol7XJYpAlW6/prSMzuPOTRnJGcGzuhLn4Scrz7qf6o8bROZ514ltazcIFJZevcfbo0x7A==",
      "engines": [
        "node >= 6.0"
      ],
      "license": "MIT",
      "dependencies": {
        "buffer-from": "^1.0.0",
        "inherits": "^2.0.3",
        "readable-stream": "^3.0.2",
        "typedarray": "^0.0.6"
      }
    },
    "node_modules/debug": {
      "version": "4.4.3",
      "resolved": "https://registry.npmjs.org/debug/-/debug-4.4.3.tgz",
      "integrity": "sha512-RGwwWnwQvkVfavKVt22FGLw+xYSdzARwm0ru6DhTVA3umU5hZc28V3kO4stgYryrTlLpuvgI9GiijltAjNbcqA==",
      "license": "MIT",
      "dependencies": {
        "ms": "^2.1.3"
      },
      "engines": {
        "node": ">=6.0"
      },
      "peerDependenciesMeta": {
        "supports-color": {
          "optional": true
        }
      }
    },
    "node_modules/decache": {
      "version": "4.6.2",
      "resolved": "https://registry.npmjs.org/decache/-/decache-4.6.2.tgz",
      "integrity": "sha512-2LPqkLeu8XWHU8qNCS3kcF6sCcb5zIzvWaAHYSvPfwhdd7mHuah29NssMzrTYyHN4F5oFy2ko9OBYxegtU0FEw==",
      "license": "MIT",
      "dependencies": {
        "callsite": "^1.0.0"
      }
    },
    "node_modules/dettle": {
      "version": "1.0.5",
      "resolved": "https://registry.npmjs.org/dettle/-/dettle-1.0.5.tgz",
      "integrity": "sha512-ZVyjhAJ7sCe1PNXEGveObOH9AC8QvMga3HJIghHawtG7mE4K5pW9nz/vDGAr/U7a3LWgdOzEE7ac9MURnyfaTA==",
      "license": "MIT"
    },
    "node_modules/dot-prop": {
      "version": "9.0.0",
      "resolved": "https://registry.npmjs.org/dot-prop/-/dot-prop-9.0.0.tgz",
      "integrity": "sha512-1gxPBJpI/pcjQhKgIU91II6Wkay+dLcN3M6rf2uwP8hRur3HtQXjVrdAK3sjC0piaEuxzMwjXChcETiJl47lAQ==",
      "license": "MIT",
      "dependencies": {
        "type-fest": "^4.18.2"
      },
      "engines": {
        "node": ">=18"
      },
      "funding": {
        "url": "https://github.com/sponsors/sindresorhus"
      }
    },
    "node_modules/empathic": {
      "version": "2.1.0",
      "resolved": "https://registry.npmjs.org/empathic/-/empathic-2.1.0.tgz",
      "integrity": "sha512-AnfC1ATldl49/cvZdLPDjBfrRNwbDO05aibiOtzQu3qtlbJtomNLhF30HEtn/7iBz50dlMECqATo3fG0LrdEgw==",
      "license": "MIT",
      "engines": {
        "node": ">=14"
      }
    },
    "node_modules/env-paths": {
      "version": "3.0.0",
      "resolved": "https://registry.npmjs.org/env-paths/-/env-paths-3.0.0.tgz",
      "integrity": "sha512-dtJUTepzMW3Lm/NPxRf3wP4642UWhjL2sQxc+ym2YMj1m/H2zDNQOlezafzkHwn6sMstjHTwG6iQQsctDW/b1A==",
      "license": "MIT",
      "engines": {
        "node": "^12.20.0 || ^14.13.1 || >=16.0.0"
      },
      "funding": {
        "url": "https://github.com/sponsors/sindresorhus"
      }
    },
    "node_modules/es-module-lexer": {
      "version": "3.0.2",
      "resolved": "https://registry.npmjs.org/es-module-lexer/-/es-module-lexer-3.0.2.tgz",
      "integrity": "sha512-BuIB67FngDSyQ/dpQNOZybwdEBDUGJQvOqwWr4ha/ufYiqzuEwPkKO2zLhRAgay28tStRIHUeWmszZAJo3GCOg==",
      "license": "MIT"
    },
    "node_modules/fast-sha256": {
      "version": "1.3.0",
      "resolved": "https://registry.npmjs.org/fast-sha256/-/fast-sha256-1.3.0.tgz",
      "integrity": "sha512-n11RGP/lrWEFI/bWdygLxhI+pVeo1ZYIVwvvPkW7azl/rOy+F3HYRZ2K5zeE9mmkhQppyv9sQFx0JM9UabnpPQ==",
      "license": "Unlicense"
    },
    "node_modules/ffmpeg-static": {
      "version": "5.3.0",
      "resolved": "https://registry.npmjs.org/ffmpeg-static/-/ffmpeg-static-5.3.0.tgz",
      "integrity": "sha512-H+K6sW6TiIX6VGend0KQwthe+kaceeH/luE8dIZyOP35ik7ahYojDuqlTV1bOrtEwl01sy2HFNGQfi5IDJvotg==",
      "hasInstallScript": true,
      "license": "GPL-3.0-or-later",
      "dependencies": {
        "@derhuerst/http-basic": "^8.2.0",
        "env-paths": "^2.2.0",
        "https-proxy-agent": "^5.0.0",
        "progress": "^2.0.3"
      },
      "engines": {
        "node": ">=16"
      }
    },
    "node_modules/ffmpeg-static/node_modules/env-paths": {
      "version": "2.2.1",
      "resolved": "https://registry.npmjs.org/env-paths/-/env-paths-2.2.1.tgz",
      "integrity": "sha512-+h1lkLKhZMTYjog1VEpJNG7NZJWcuc2DDk/qsqSTRRCOXiLjeQ1d1/udrUGhqMxUgAlwKNZ0cf2uqan5GLuS2A==",
      "license": "MIT",
      "engines": {
        "node": ">=6"
      }
    },
    "node_modules/http-response-object": {
      "version": "3.0.2",
      "resolved": "https://registry.npmjs.org/http-response-object/-/http-response-object-3.0.2.tgz",
      "integrity": "sha512-bqX0XTF6fnXSQcEJ2Iuyr75yVakyjIDCqroJQ/aHfSdlM743Cwqoi2nDYMzLGWUcuTWGWy8AAvOKXTfiv6q9RA==",
      "license": "MIT",
      "dependencies": {
        "@types/node": "^10.0.3"
      }
    },
    "node_modules/http-response-object/node_modules/@types/node": {
      "version": "10.17.60",
      "resolved": "https://registry.npmjs.org/@types/node/-/node-10.17.60.tgz",
      "integrity": "sha512-F0KIgDJfy2nA3zMLmWGKxcH2ZVEtCZXHHdOQs2gSaQ27+lNeEfGxzkIw90aXswATX7AZ33tahPbzy6KAfUreVw==",
      "license": "MIT"
    },
    "node_modules/https-proxy-agent": {
      "version": "5.0.1",
      "resolved": "https://registry.npmjs.org/https-proxy-agent/-/https-proxy-agent-5.0.1.tgz",
      "integrity": "sha512-dFcAjpTQFgoLMzC2VwU+C/CbS7uRL0lWmxDITmqm7C+7F0Odmj6s9l6alZc6AELXhrnggM2CeWSXHGOdX2YtwA==",
      "license": "MIT",
      "dependencies": {
        "agent-base": "6",
        "debug": "4"
      },
      "engines": {
        "node": ">= 6"
      }
    },
    "node_modules/import-in-the-middle": {
      "version": "3.5.2",
      "resolved": "https://registry.npmjs.org/import-in-the-middle/-/import-in-the-middle-3.5.2.tgz",
      "integrity": "sha512-WseIA/4o56+GYO3RmlOPvejYi771OFeJEeK/ejROsr9bdjW+E5NXTOD1Di8TL40Qgg3JJX9aa97Hf8iiSVIKZw==",
      "license": "Apache-2.0",
      "dependencies": {
        "cjs-module-lexer": "^2.2.0",
        "es-module-lexer": "^3.0.2",
        "module-details-from-path": "^1.0.4"
      },
      "engines": {
        "node": ">=18"
      }
    },
    "node_modules/inherits": {
      "version": "2.0.4",
      "resolved": "https://registry.npmjs.org/inherits/-/inherits-2.0.4.tgz",
      "integrity": "sha512-k/vGaX4/Yla3WzyMCvTQOXYeIHvqOKtnqBduzTHpzpQZzAskKMhZ2K+EnBiSM9zGSoIFeMpXKxa4dYeZIQqewQ==",
      "license": "ISC"
    },
    "node_modules/json-schema-to-ts": {
      "version": "3.1.1",
      "resolved": "https://registry.npmjs.org/json-schema-to-ts/-/json-schema-to-ts-3.1.1.tgz",
      "integrity": "sha512-+DWg8jCJG2TEnpy7kOm/7/AxaYoaRbjVB4LFZLySZlWn8exGs3A4OLJR966cVvU26N7X9TWxl+Jsw7dzAqKT6g==",
      "license": "MIT",
      "dependencies": {
        "@babel/runtime": "^7.18.3",
        "ts-algebra": "^2.0.0"
      },
      "engines": {
        "node": ">=16"
      }
    },
    "node_modules/module-details-from-path": {
      "version": "1.0.4",
      "resolved": "https://registry.npmjs.org/module-details-from-path/-/module-details-from-path-1.0.4.tgz",
      "integrity": "sha512-EGWKgxALGMgzvxYF1UyGTy0HXX/2vHLkw6+NvDKW2jypWbHpjQuj4UMcqQWXHERJhVGKikolT06G3bcKe4fi7w==",
      "license": "MIT"
    },
    "node_modules/ms": {
      "version": "2.1.3",
      "resolved": "https://registry.npmjs.org/ms/-/ms-2.1.3.tgz",
      "integrity": "sha512-6FlzubTLZG3J2a/NVCAleEhjzq5oxgHyaCU9yYXvcLsvoVaHJq/s5xXI6/XXP6tz7R9xAOtHnSO/tXtF3WRTlA==",
      "license": "MIT"
    },
    "node_modules/parse-cache-control": {
      "version": "1.0.1",
      "resolved": "https://registry.npmjs.org/parse-cache-control/-/parse-cache-control-1.0.1.tgz",
      "integrity": "sha512-60zvsJReQPX5/QP0Kzfd/VrpjScIQ7SHBW6bFCYfEP+fp0Eppr1SHhIO5nd1PjZtvclzSzES9D/p5nFJurwfWg=="
    },
    "node_modules/parse-gitignore": {
      "version": "2.0.0",
      "resolved": "https://registry.npmjs.org/parse-gitignore/-/parse-gitignore-2.0.0.tgz",
      "integrity": "sha512-RmVuCHWsfu0QPNW+mraxh/xjQVw/lhUCUru8Zni3Ctq3AoMhpDTq0OVdKS6iesd6Kqb7viCV3isAL43dciOSog==",
      "license": "MIT",
      "engines": {
        "node": ">=14"
      }
    },
    "node_modules/progress": {
      "version": "2.0.3",
      "resolved": "https://registry.npmjs.org/progress/-/progress-2.0.3.tgz",
      "integrity": "sha512-7PiHtLll5LdnKIMw100I+8xJXR5gW2QwWYkT6iJva0bXitZKa/XMrSbdmg3r2Xnaidz9Qumd0VPaMrZlF9V9sA==",
      "license": "MIT",
      "engines": {
        "node": ">=0.4.0"
      }
    },
    "node_modules/readable-stream": {
      "version": "3.6.2",
      "resolved": "https://registry.npmjs.org/readable-stream/-/readable-stream-3.6.2.tgz",
      "integrity": "sha512-9u/sniCrY3D5WdsERHzHE4G2YCXqoG5FTHUiCC4SIbr6XcLZBY05ya9EKjYek9O5xOAwjGq+1JdGBAS7Q9ScoA==",
      "license": "MIT",
      "dependencies": {
        "inherits": "^2.0.3",
        "string_decoder": "^1.1.1",
        "util-deprecate": "^1.0.1"
      },
      "engines": {
        "node": ">= 6"
      }
    },
    "node_modules/readdirp": {
      "version": "5.1.1",
      "resolved": "https://registry.npmjs.org/readdirp/-/readdirp-5.1.1.tgz",
      "integrity": "sha512-Kko+Y5XQ6fM+Ce3dq3m9YGxnacYZYl9cA1wZjaF3Vbry2L3i1qVg8+CAgNPsXRArPMUMCaOR7oa9Nqntc43JKA==",
      "license": "MIT",
      "engines": {
        "node": ">= 20.19.0"
      },
      "funding": {
        "type": "individual",
        "url": "https://paulmillr.com/funding/"
      }
    },
    "node_modules/require-in-the-middle": {
      "version": "8.0.1",
      "resolved": "https://registry.npmjs.org/require-in-the-middle/-/require-in-the-middle-8.0.1.tgz",
      "integrity": "sha512-QT7FVMXfWOYFbeRBF6nu+I6tr2Tf3u0q8RIEjNob/heKY/nh7drD/k7eeMFmSQgnTtCzLDcCu/XEnpW2wk4xCQ==",
      "license": "MIT",
      "dependencies": {
        "debug": "^4.3.5",
        "module-details-from-path": "^1.0.3"
      },
      "engines": {
        "node": ">=9.3.0 || >=8.10.0 <9.0.0"
      }
    },
    "node_modules/safe-buffer": {
      "version": "5.2.1",
      "resolved": "https://registry.npmjs.org/safe-buffer/-/safe-buffer-5.2.1.tgz",
      "integrity": "sha512-rp3So07KcdmmKbGvgaNxQSJr7bGVSVk5S9Eq1F+ppbRo70+YeaDxkw5Dd8NPN+GD6bjnYm2VuPuCXmpuYvmCXQ==",
      "funding": [
        {
          "type": "github",
          "url": "https://github.com/sponsors/feross"
        },
        {
          "type": "patreon",
          "url": "https://www.patreon.com/feross"
        },
        {
          "type": "consulting",
          "url": "https://feross.org/support"
        }
      ],
      "license": "MIT"
    },
    "node_modules/semver": {
      "version": "7.8.5",
      "resolved": "https://registry.npmjs.org/semver/-/semver-7.8.5.tgz",
      "integrity": "sha512-Y7/KDsb8LjooZpwaqGyulO6DQlksgCncchHGk+sZIY4SBvUocMBEFH5Ur1fI4dV+Jvl0w6cjvucaIi40puRioA==",
      "license": "ISC",
      "bin": {
        "semver": "bin/semver.js"
      },
      "engines": {
        "node": ">=10"
      }
    },
    "node_modules/standardwebhooks": {
      "version": "1.1.1",
      "resolved": "https://registry.npmjs.org/standardwebhooks/-/standardwebhooks-1.1.1.tgz",
      "integrity": "sha512-bCbX9ZEyFkWPsRz7Bl3NuQUJohmwGSev/yhr7vhaGPlc4AfIrspIRa6cPTBuI1ItmrTDJ4d/S2hCsfe4+vQGnQ==",
      "license": "MIT",
      "dependencies": {
        "@stablelib/base64": "^1.0.0",
        "fast-sha256": "^1.3.0"
      }
    },
    "node_modules/string_decoder": {
      "version": "1.3.0",
      "resolved": "https://registry.npmjs.org/string_decoder/-/string_decoder-1.3.0.tgz",
      "integrity": "sha512-hkRX8U1WjJFd8LsDJ2yQ/wWWxaopEsABU1XfkM8A+j0+85JAGppt16cr1Whg6KIbb4okU6Mql6BOj+uup/wKeA==",
      "license": "MIT",
      "dependencies": {
        "safe-buffer": "~5.2.0"
      }
    },
    "node_modules/stubborn-fs": {
      "version": "2.0.0",
      "resolved": "https://registry.npmjs.org/stubborn-fs/-/stubborn-fs-2.0.0.tgz",
      "integrity": "sha512-Y0AvSwDw8y+nlSNFXMm2g6L51rBGdAQT20J3YSOqxC53Lo3bjWRtr2BKcfYoAf352WYpsZSTURrA0tqhfgudPA==",
      "license": "MIT",
      "dependencies": {
        "stubborn-utils": "^1.0.1"
      }
    },
    "node_modules/stubborn-utils": {
      "version": "1.0.2",
      "resolved": "https://registry.npmjs.org/stubborn-utils/-/stubborn-utils-1.0.2.tgz",
      "integrity": "sha512-zOh9jPYI+xrNOyisSelgym4tolKTJCQd5GBhK0+0xJvcYDcwlOoxF/rnFKQ2KRZknXSG9jWAp66fwP6AxN9STg==",
      "license": "MIT"
    },
    "node_modules/ts-algebra": {
      "version": "2.0.0",
      "resolved": "https://registry.npmjs.org/ts-algebra/-/ts-algebra-2.0.0.tgz",
      "integrity": "sha512-FPAhNPFMrkwz76P7cdjdmiShwMynZYN6SgOujD1urY4oNm80Ou9oMdmbR45LotcKOXoy7wSmHkRFE6Mxbrhefw==",
      "license": "MIT"
    },
    "node_modules/tslib": {
      "version": "2.8.1",
      "resolved": "https://registry.npmjs.org/tslib/-/tslib-2.8.1.tgz",
      "integrity": "sha512-oJFu94HQb+KVduSUQL7wnpmqnfmLsOA/nAh6b6EH0wCEoK0/mPeXU6c3wKDV83MkOuHPRHtSXKKU99IBazS/2w==",
      "license": "0BSD"
    },
    "node_modules/type-fest": {
      "version": "4.41.0",
      "resolved": "https://registry.npmjs.org/type-fest/-/type-fest-4.41.0.tgz",
      "integrity": "sha512-TeTSQ6H5YHvpqVwBRcnLDCBnDOHWYu7IvGbHT6N8AOymcr9PJGjc1GTtiWZTYg0NCgYwvnYWEkVChQAr9bjfwA==",
      "license": "(MIT OR CC0-1.0)",
      "engines": {
        "node": ">=16"
      },
      "funding": {
        "url": "https://github.com/sponsors/sindresorhus"
      }
    },
    "node_modules/typedarray": {
      "version": "0.0.6",
      "resolved": "https://registry.npmjs.org/typedarray/-/typedarray-0.0.6.tgz",
      "integrity": "sha512-/aCDEGatGvZ2BIk+HmLf4ifCJFwvKFNb9/JeZPMulfgFracn9QFcAf5GO8B/mweUjSoblS5In0cWhqpfs/5PQA==",
      "license": "MIT"
    },
    "node_modules/typescript": {
      "version": "5.9.3",
      "resolved": "https://registry.npmjs.org/typescript/-/typescript-5.9.3.tgz",
      "integrity": "sha512-jl1vZzPDinLr9eUt3J/t7V6FgNEw9QjvBPdysz9KfQDD41fQrC2Y4vKQdiaUpFT4bXlb1RHhLpp8wtm6M5TgSw==",
      "dev": true,
      "license": "Apache-2.0",
      "bin": {
        "tsc": "bin/tsc",
        "tsserver": "bin/tsserver"
      },
      "engines": {
        "node": ">=14.17"
      }
    },
    "node_modules/undici-types": {
      "version": "6.21.0",
      "resolved": "https://registry.npmjs.org/undici-types/-/undici-types-6.21.0.tgz",
      "integrity": "sha512-iwDZqg0QAGrg9Rav5H4n0M64c3mkR59cJ6wQp+7C4nI0gsmExaedaYLNO44eT4AtBBwjbTiGPMlt2Md0T9H9JQ==",
      "dev": true,
      "license": "MIT"
    },
    "node_modules/urlpattern-polyfill": {
      "version": "10.1.0",
      "resolved": "https://registry.npmjs.org/urlpattern-polyfill/-/urlpattern-polyfill-10.1.0.tgz",
      "integrity": "sha512-IGjKp/o0NL3Bso1PymYURCJxMPNAf/ILOpendP9f5B6e1rTJgdgiOvgfoT8VxCAdY+Wisb9uhGaJJf3yZ2V9nw==",
      "license": "MIT"
    },
    "node_modules/util-deprecate": {
      "version": "1.0.2",
      "resolved": "https://registry.npmjs.org/util-deprecate/-/util-deprecate-1.0.2.tgz",
      "integrity": "sha512-EPD5q1uXyFxJpCrLnCc1nHnq3gOa6DZBocAIiI2TaSCA7VCJ1UJDMagCzIkXNsUYfD1daK//LTEQ8xiIbrHtcw==",
      "license": "MIT"
    },
    "node_modules/when-exit": {
      "version": "2.1.5",
      "resolved": "https://registry.npmjs.org/when-exit/-/when-exit-2.1.5.tgz",
      "integrity": "sha512-VGkKJ564kzt6Ms1dbgPP/yuIoQCrsFAnRbptpC5wOEsDaNsbCB2bnfnaA8i/vRs5tjUSEOtIuvl9/MyVsvQZCg==",
      "license": "MIT"
    },
    "node_modules/zod": {
      "version": "4.6.5",
      "resolved": "https://registry.npmjs.org/zod/-/zod-4.6.5.tgz",
      "integrity": "sha512-v5l/aFXZQeai4awLbOpSoHecE9UiMrnfx75tEXLjNonXVARxQ5mOeipTjROUchszUNCqnE+hqAMujRsRHsut2Q==",
      "license": "MIT",
      "funding": {
        "url": "https://github.com/sponsors/colinhacks"
      }
    }
  }
}
